
Microsoft Visual Studio Solution File, Format Version 12.00
# Visual Studio Version 17
VisualStudioVersion = 17.0.31903.59
MinimumVisualStudioVersion = 10.0.40219.1
Project("{2150E333-8FDC-42A3-9474-1A3956D46DE8}") = "src", "src", "{827E0CD3-B72D-47B6-A68D-7590B98EB39B}"
EndProject
Project("{FAE04EC0-301F-11D3-BF4B-00C04F79EFBC}") = "MeetingRecorder.Domain", "src\MeetingRecorder.Domain\MeetingRecorder.Domain.csproj", "{48CC08AA-F86C-4D31-887E-F4E81B8E03DF}"
EndProject
Project("{FAE04EC0-301F-11D3-BF4B-00C04F79EFBC}") = "MeetingRecorder.Application", "src\MeetingRecorder.Application\MeetingRecorder.Application.csproj", "{26A3515A-3791-4F94-853D-D47CCDB822BF}"
EndProject
Project("{FAE04EC0-301F-11D3-BF4B-00C04F79EFBC}") = "MeetingRecorder.Infrastructure", "src\MeetingRecorder.Infrastructure\MeetingRecorder.Infrastructure.csproj", "{4F176348-8ACA-43C9-A332-E825F4B22267}"
EndProject
Project("{FAE04EC0-301F-11D3-BF4B-00C04F79EFBC}") = "MeetingRecorder.WebApi", "src\MeetingRecorder.WebApi\MeetingRecorder.WebApi.csproj", "{368A6D12-83E0-4B13-A603-504B4361B91F}"
EndProject
Project("{FAE04EC0-301F-11D3-BF4B-00C04F79EFBC}") = "MeetingRecorder.UnitTests", "tests\MeetingRecorder.UnitTests\MeetingRecorder.UnitTests.csproj", "{9F303D04-D056-472E-BEDC-539353B09B4F}"
EndProject
Global
	GlobalSection(SolutionConfigurationPlatforms) = preSolution
		Debug|Any CPU = Debug|Any CPU
		Debug|x64 = Debug|x64
		Debug|x86 = Debug|x86
		Release|Any CPU = Release|Any CPU
		Release|x64 = Release|x64
		Release|x86 = Release|x86
	EndGlobalSection
	GlobalSection(ProjectConfigurationPlatforms) = postSolution
		{48CC08AA-F86C-4D31-887E-F4E81B8E03DF}.Debug|Any CPU.ActiveCfg = Debug|Any CPU
		{48CC08AA-F86C-4D31-887E-F4E81B8E03DF}.Debug|Any CPU.Build.0 = Debug|Any CPU
		{48CC08AA-F86C-4D31-887E-F4E81B8E03DF}.Debug|x64.ActiveCfg = Debug|Any CPU
		{48CC08AA-F86C-4D31-887E-F4E81B8E03DF}.Debug|x64.Build.0 = Debug|Any CPU
		{48CC08AA-F86C-4D31-887E-F4E81B8E03DF}.Debug|x86.ActiveCfg = Debug|Any CPU
		{48CC08AA-F86C-4D31-887E-F4E81B8E03DF}.Debug|x86.Build.0 = Debug|Any CPU
		{48CC08AA-F86C-4D31-887E-F4E81B8E03DF}.Release|Any CPU.ActiveCfg = Release|Any CPU
		{48CC08AA-F86C-4D31-887E-F4E81B8E03DF}.Release|Any CPU.Build.0 = Release|Any CPU
		{48CC08AA-F86C-4D31-887E-F4E81B8E03DF}.Release|x64.ActiveCfg = Release|Any CPU
		{48CC08AA-F86C-4D31-887E-F4E81B8E03DF}.Release|x64.Build.0 = Release|Any CPU
		{48CC08AA-F86C-4D31-887E-F4E81B8E03DF}.Release|x86.ActiveCfg = Release|Any CPU
		{48CC08AA-F86C-4D31-887E-F4E81B8E03DF}.Release|x86.Build.0 = Release|Any CPU
		{26A3515A-3791-4F94-853D-D47CCDB822BF}.Debug|Any CPU.ActiveCfg = Debug|Any CPU
		{26A3515A-3791-4F94-853D-D47CCDB822BF}.Debug|Any CPU.Build.0 = Debug|Any CPU
		{26A3515A-3791-4F94-853D-D47CCDB822BF}.Debug|x64.ActiveCfg = Debug|Any CPU
		{26A3515A-3791-4F94-853D-D47CCDB822BF}.Debug|x64.Build.0 = Debug|Any CPU
		{26A3515A-3791-4F94-853D-D47CCDB822BF}.Debug|x86.ActiveCfg = Debug|Any CPU
		{26A3515A-3791-4F94-853D-D47CCDB822BF}.Debug|x86.Build.0 = Debug|Any CPU
		{26A3515A-3791-4F94-853D-D47CCDB822BF}.Release|Any CPU.ActiveCfg = Release|Any CPU
		{26A3515A-3791-4F94-853D-D47CCDB822BF}.Release|Any CPU.Build.0 = Release|Any CPU
		{26A3515A-3791-4F94-853D-D47CCDB822BF}.Release|x64.ActiveCfg = Release|Any CPU
		{26A3515A-3791-4F94-853D-D47CCDB822BF}.Release|x64.Build.0 = Release|Any CPU
		{26A3515A-3791-4F94-853D-D47CCDB822BF}.Release|x86.ActiveCfg = Release|Any CPU
		{26A3515A-3791-4F94-853D-D47CCDB822BF}.Release|x86.Build.0 = Release|Any CPU
		{4F176348-8ACA-43C9-A332-E825F4B22267}.Debug|Any CPU.ActiveCfg = Debug|Any CPU
		{4F176348-8ACA-43C9-A332-E825F4B22267}.Debug|Any CPU.Build.0 = Debug|Any CPU
		{4F176348-8ACA-43C9-A332-E825F4B22267}.Debug|x64.ActiveCfg = Debug|Any CPU
		{4F176348-8ACA-43C9-A332-E825F4B22267}.Debug|x64.Build.0 = Debug|Any CPU
		{4F176348-8ACA-43C9-A332-E825F4B22267}.Debug|x86.ActiveCfg = Debug|Any CPU
		{4F176348-8ACA-43C9-A332-E825F4B22267}.Debug|x86.Build.0 = Debug|Any CPU
		{4F176348-8ACA-43C9-A332-E825F4B22267}.Release|Any CPU.ActiveCfg = Release|Any CPU
		{4F176348-8ACA-43C9-A332-E825F4B22267}.Release|Any CPU.Build.0 = Release|Any CPU
		{4F176348-8ACA-43C9-A332-E825F4B22267}.Release|x64.ActiveCfg = Release|Any CPU
		{4F176348-8ACA-43C9-A332-E825F4B22267}.Release|x64.Build.0 = Release|Any CPU
		{4F176348-8ACA-43C9-A332-E825F4B22267}.Release|x86.ActiveCfg = Release|Any CPU
		{4F176348-8ACA-43C9-A332-E825F4B22267}.Release|x86.Build.0 = Release|Any CPU
		{368A6D12-83E0-4B13-A603-504B4361B91F}.Debug|Any CPU.ActiveCfg = Debug|Any CPU
		{368A6D12-83E0-4B13-A603-504B4361B91F}.Debug|Any CPU.Build.0 = Debug|Any CPU
		{368A6D12-83E0-4B13-A603-504B4361B91F}.Debug|x64.ActiveCfg = Debug|Any CPU
		{368A6D12-83E0-4B13-A603-504B4361B91F}.Debug|x64.Build.0 = Debug|Any CPU
		{368A6D12-83E0-4B13-A603-504B4361B91F}.Debug|x86.ActiveCfg = Debug|Any CPU
		{368A6D12-83E0-4B13-A603-504B4361B91F}.Debug|x86.Build.0 = Debug|Any CPU
		{368A6D12-83E0-4B13-A603-504B4361B91F}.Release|Any CPU.ActiveCfg = Release|Any CPU
		{368A6D12-83E0-4B13-A603-504B4361B91F}.Release|Any CPU.Build.0 = Release|Any CPU
		{368A6D12-83E0-4B13-A603-504B4361B91F}.Release|x64.ActiveCfg = Release|Any CPU
		{368A6D12-83E0-4B13-A603-504B4361B91F}.Release|x64.Build.0 = Release|Any CPU
		{368A6D12-83E0-4B13-A603-504B4361B91F}.Release|x86.ActiveCfg = Release|Any CPU
		{368A6D12-83E0-4B13-A603-504B4361B91F}.Release|x86.Build.0 = Release|Any CPU
		{9F303D04-D056-472E-BEDC-539353B09B4F}.Debug|Any CPU.ActiveCfg = Debug|Any CPU
		{9F303D04-D056-472E-BEDC-539353B09B4F}.Debug|Any CPU.Build.0 = Debug|Any CPU
		{9F303D04-D056-472E-BEDC-539353B09B4F}.Debug|x64.ActiveCfg = Debug|Any CPU
		{9F303D04-D056-472E-BEDC-539353B09B4F}.Debug|x64.Build.0 = Debug|Any CPU
		{9F303D04-D056-472E-BEDC-539353B09B4F}.Debug|x86.ActiveCfg = Debug|Any CPU
		{9F303D04-D056-472E-BEDC-539353B09B4F}.Debug|x86.Build.0 = Debug|Any CPU
		{9F303D04-D056-472E-BEDC-539353B09B4F}.Release|Any CPU.ActiveCfg = Release|Any CPU
		{9F303D04-D056-472E-BEDC-539353B09B4F}.Release|Any CPU.Build.0 = Release|Any CPU
		{9F303D04-D056-472E-BEDC-539353B09B4F}.Release|x64.ActiveCfg = Release|Any CPU
		{9F303D04-D056-472E-BEDC-539353B09B4F}.Release|x64.Build.0 = Release|Any CPU
		{9F303D04-D056-472E-BEDC-539353B09B4F}.Release|x86.ActiveCfg = Release|Any CPU
		{9F303D04-D056-472E-BEDC-539353B09B4F}.Release|x86.Build.0 = Release|Any CPU
	EndGlobalSection
	GlobalSection(SolutionProperties) = preSolution
		HideSolutionNode = FALSE
	EndGlobalSection
	GlobalSection(NestedProjects) = preSolution
		{48CC08AA-F86C-4D31-887E-F4E81B8E03DF} = {827E0CD3-B72D-47B6-A68D-7590B98EB39B}
		{26A3515A-3791-4F94-853D-D47CCDB822BF} = {827E0CD3-B72D-47B6-A68D-7590B98EB39B}
		{4F176348-8ACA-43C9-A332-E825F4B22267} = {827E0CD3-B72D-47B6-A68D-7590B98EB39B}
		{368A6D12-83E0-4B13-A603-504B4361B91F} = {827E0CD3-B72D-47B6-A68D-7590B98EB39B}
		{9F303D04-D056-472E-BEDC-539353B09B4F} = {827E0CD3-B72D-47B6-A68D-7590B98EB39B}
	EndGlobalSection
EndGlobal
